
Microsoft Visual Studio Solution File, Format Version 12.00
# Visual Studio 2013
VisualStudioVersion = 12.0.30501.0
MinimumVisualStudioVersion = 10.0.40219.1
Project("{FAE04EC0-301F-11D3-BF4B-00C04F79EFBC}") = "EmailApp", "EmailApp\EmailApp.csproj", "{B7C152D9-96C2-4AEA-8151-848E08C6BB14}"
EndProject
Project("{FAE04EC0-301F-11D3-BF4B-00C04F79EFBC}") = "EmailApp.Tests", "EmailApp.Tests\EmailApp.Tests.csproj", "{48CB7BB4-55C5-4CCA-9DAF-3EA0FAF96DCB}"
EndProject
Global
	GlobalSection(SolutionConfigurationPlatforms) = preSolution
		Debug|Any CPU = Debug|Any CPU
		Release|Any CPU = Release|Any CPU
	EndGlobalSection
	GlobalSection(ProjectConfigurationPlatforms) = postSolution
		{B7C152D9-96C2-4AEA-8151-848E08C6BB14}.Debug|Any CPU.ActiveCfg = Debug|Any CPU
		{B7C152D9-96C2-4AEA-8151-848E08C6BB14}.Debug|Any CPU.Build.0 = Debug|Any CPU
		{B7C152D9-96C2-4AEA-8151-848E08C6BB14}.Release|Any CPU.ActiveCfg = Release|Any CPU
		{B7C152D9-96C2-4AEA-8151-848E08C6BB14}.Release|Any CPU.Build.0 = Release|Any CPU
		{48CB7BB4-55C5-4CCA-9DAF-3EA0FAF96DCB}.Debug|Any CPU.ActiveCfg = Debug|Any CPU
		{48CB7BB4-55C5-4CCA-9DAF-3EA0FAF96DCB}.Debug|Any CPU.Build.0 = Debug|Any CPU
		{48CB7BB4-55C5-4CCA-9DAF-3EA0FAF96DCB}.Release|Any CPU.ActiveCfg = Release|Any CPU
		{48CB7BB4-55C5-4CCA-9DAF-3EA0FAF96DCB}.Release|Any CPU.Build.0 = Release|Any CPU
	EndGlobalSection
	GlobalSection(SolutionProperties) = preSolution
		HideSolutionNode = FALSE
	EndGlobalSection
EndGlobal
